
Microsoft Visual Studio Solution File, Format Version 12.00
# Visual Studio 2012
Project("{8BC9CEB8-8B4A-11D0-8D11-00A0C91BC942}") = "Base", "Base\Base.vcxproj", "{F8F9A51A-442F-4FCB-B1F2-305C9293F20A}"
EndProject
Project("{8BC9CEB8-8B4A-11D0-8D11-00A0C91BC942}") = "Container", "Container\Container.vcxproj", "{9C41D94A-BD37-4511-A4F7-53AF412A54C0}"
EndProject
Project("{8BC9CEB8-8B4A-11D0-8D11-00A0C91BC942}") = "Shaft", "Shaft\Shaft.vcxproj", "{BEFFC25F-E9CA-414B-A081-1D84C9B99D56}"
EndProject
Project("{8BC9CEB8-8B4A-11D0-8D11-00A0C91BC942}") = "Cyborg", "Cyborg\Cyborg.vcxproj", "{BD602A7A-83CB-4ED4-A5AB-53CC0683B2EE}"
EndProject
Global
	GlobalSection(SolutionConfigurationPlatforms) = preSolution
		Debug|Win32 = Debug|Win32
		Release|Win32 = Release|Win32
	EndGlobalSection
	GlobalSection(ProjectConfigurationPlatforms) = postSolution
		{F8F9A51A-442F-4FCB-B1F2-305C9293F20A}.Debug|Win32.ActiveCfg = Debug|Win32
		{F8F9A51A-442F-4FCB-B1F2-305C9293F20A}.Debug|Win32.Build.0 = Debug|Win32
		{F8F9A51A-442F-4FCB-B1F2-305C9293F20A}.Release|Win32.ActiveCfg = Release|Win32
		{F8F9A51A-442F-4FCB-B1F2-305C9293F20A}.Release|Win32.Build.0 = Release|Win32
		{9C41D94A-BD37-4511-A4F7-53AF412A54C0}.Debug|Win32.ActiveCfg = Debug|Win32
		{9C41D94A-BD37-4511-A4F7-53AF412A54C0}.Debug|Win32.Build.0 = Debug|Win32
		{9C41D94A-BD37-4511-A4F7-53AF412A54C0}.Release|Win32.ActiveCfg = Release|Win32
		{9C41D94A-BD37-4511-A4F7-53AF412A54C0}.Release|Win32.Build.0 = Release|Win32
		{BEFFC25F-E9CA-414B-A081-1D84C9B99D56}.Debug|Win32.ActiveCfg = Debug|Win32
		{BEFFC25F-E9CA-414B-A081-1D84C9B99D56}.Debug|Win32.Build.0 = Debug|Win32
		{BEFFC25F-E9CA-414B-A081-1D84C9B99D56}.Release|Win32.ActiveCfg = Release|Win32
		{BEFFC25F-E9CA-414B-A081-1D84C9B99D56}.Release|Win32.Build.0 = Release|Win32
		{BD602A7A-83CB-4ED4-A5AB-53CC0683B2EE}.Debug|Win32.ActiveCfg = Debug|Win32
		{BD602A7A-83CB-4ED4-A5AB-53CC0683B2EE}.Debug|Win32.Build.0 = Debug|Win32
		{BD602A7A-83CB-4ED4-A5AB-53CC0683B2EE}.Release|Win32.ActiveCfg = Release|Win32
		{BD602A7A-83CB-4ED4-A5AB-53CC0683B2EE}.Release|Win32.Build.0 = Release|Win32
	EndGlobalSection
	GlobalSection(SolutionProperties) = preSolution
		HideSolutionNode = FALSE
	EndGlobalSection
EndGlobal
